
Microsoft Visual Studio Solution File, Format Version 12.00
# Visual Studio Version 17
VisualStudioVersion = 17.9.34723.18
MinimumVisualStudioVersion = 10.0.40219.1
Project("{FAE04EC0-301F-11D3-BF4B-00C04F79EFBC}") = "CaroSpeedRun", "CaroSpeedRun.csproj", "{3B707AD4-B0C3-426D-A87B-2A6FFAE6AC8F}"
EndProject
Global
	GlobalSection(SolutionConfigurationPlatforms) = preSolution
		Debug|Any CPU = Debug|Any CPU
		Release|Any CPU = Release|Any CPU
	EndGlobalSection
	GlobalSection(ProjectConfigurationPlatforms) = postSolution
		{3B707AD4-B0C3-426D-A87B-2A6FFAE6AC8F}.Debug|Any CPU.ActiveCfg = Debug|Any CPU
		{3B707AD4-B0C3-426D-A87B-2A6FFAE6AC8F}.Debug|Any CPU.Build.0 = Debug|Any CPU
		{3B707AD4-B0C3-426D-A87B-2A6FFAE6AC8F}.Release|Any CPU.ActiveCfg = Release|Any CPU
		{3B707AD4-B0C3-426D-A87B-2A6FFAE6AC8F}.Release|Any CPU.Build.0 = Release|Any CPU
	EndGlobalSection
	GlobalSection(SolutionProperties) = preSolution
		HideSolutionNode = FALSE
	EndGlobalSection
	GlobalSection(ExtensibilityGlobals) = postSolution
		SolutionGuid = {3592FFAD-15C9-4F8C-90B3-92BB103A3A24}
	EndGlobalSection
EndGlobal
